
Microsoft Visual Studio Solution File, Format Version 12.00
# Visual Studio 14
VisualStudioVersion = 14.0.23107.0
MinimumVisualStudioVersion = 10.0.40219.1
Project("{FAE04EC0-301F-11D3-BF4B-00C04F79EFBC}") = "Starry.Synth.Console", "Starry.Synth.Console\Starry.Synth.Console.csproj", "{4177DF8B-4885-493E-88CE-068734B6988F}"
EndProject
Project("{FAE04EC0-301F-11D3-BF4B-00C04F79EFBC}") = "Starry.Synth", "Starry.Synth\Starry.Synth.csproj", "{53A010BF-9741-4269-9276-AD224B95C0EF}"
EndProject
Project("{FAE04EC0-301F-11D3-BF4B-00C04F79EFBC}") = "Starry.Audio.Io", "Starry.Audio.Io\Starry.Audio.Io.csproj", "{F925822D-761B-4201-8BF8-80F88A230872}"
EndProject
Project("{FAE04EC0-301F-11D3-BF4B-00C04F79EFBC}") = "Starry.Infrastructure", "Starry.Infrastructure\Starry.Infrastructure.csproj", "{4171B074-ED5E-4F15-B1A6-2A004C71F303}"
EndProject
Project("{FAE04EC0-301F-11D3-BF4B-00C04F79EFBC}") = "Starry.Math", "Starry.Math\Starry.Math.csproj", "{FD6194C1-0230-459C-A50D-27CADC072875}"
EndProject
Project("{FAE04EC0-301F-11D3-BF4B-00C04F79EFBC}") = "Starry.Audio.Core", "Starry.Audio.Core\Starry.Audio.Core.csproj", "{A70B1ABB-A5D1-4F0B-9D99-9E3060071230}"
EndProject
Project("{FAE04EC0-301F-11D3-BF4B-00C04F79EFBC}") = "Starry.Common", "Starry.Common\Starry.Common.csproj", "{6F6D537E-9841-492E-A0F0-8649196B3A20}"
EndProject
Project("{FAE04EC0-301F-11D3-BF4B-00C04F79EFBC}") = "Starry.Audio.Core.Tests", "Starry.Audio.Core.Tests\Starry.Audio.Core.Tests.csproj", "{BE29FEAC-313A-42B3-849B-16BC108FCC70}"
EndProject
Project("{FAE04EC0-301F-11D3-BF4B-00C04F79EFBC}") = "Starry.Audio.Engine.Tests", "Starry.Audio.Engine.Tests\Starry.Audio.Engine.Tests.csproj", "{C6EB8220-9994-4AA1-B4CC-D7DBC4C5D6AF}"
EndProject
Project("{FAE04EC0-301F-11D3-BF4B-00C04F79EFBC}") = "Starry.Daw.Engine", "Starry.Daw.Engine\Starry.Daw.Engine.csproj", "{6E1498E5-A703-4A33-A0A5-1D06C32EDD3C}"
EndProject
Project("{FAE04EC0-301F-11D3-BF4B-00C04F79EFBC}") = "Starry.Daw.Engine.Tests", "Starry.Daw.Engine.Tests\Starry.Daw.Engine.Tests.csproj", "{06AD1E48-EE85-44F2-9629-C1CB5938DDA8}"
EndProject
Project("{FAE04EC0-301F-11D3-BF4B-00C04F79EFBC}") = "Starry.Audio.Engine", "Starry.Audio.Engine\Starry.Audio.Engine.csproj", "{E73E7D58-5741-41EF-84A7-48D937BD2F0F}"
EndProject
Project("{FAE04EC0-301F-11D3-BF4B-00C04F79EFBC}") = "Starry.External.Windows", "Starry.External.Windows\Starry.External.Windows.csproj", "{0B685F9A-A943-4CDB-905B-7CE5FAC68E25}"
EndProject
Project("{FAE04EC0-301F-11D3-BF4B-00C04F79EFBC}") = "Starry.External.Interfaces", "Starry.External.Interfaces\Starry.External.Interfaces.csproj", "{EAC778B1-1221-4A69-B690-3B339A133F36}"
EndProject
Project("{FAE04EC0-301F-11D3-BF4B-00C04F79EFBC}") = "Starry.Graphics.Core", "Starry.Graphics.Core\Starry.Graphics.Core.csproj", "{1ED86E1D-0228-404C-930F-061E93E8F241}"
EndProject
Project("{FAE04EC0-301F-11D3-BF4B-00C04F79EFBC}") = "Starry.Graphics.Gui", "Starry.Graphics.Gui\Starry.Graphics.Gui.csproj", "{69DCBF86-555E-427D-8BA0-129F247B975E}"
EndProject
Project("{FAE04EC0-301F-11D3-BF4B-00C04F79EFBC}") = "Starry.Daw.Gui", "Starry.Daw.Gui\Starry.Daw.Gui.csproj", "{985F18F0-9DCA-4F54-95BE-9728D650D103}"
EndProject
Global
	GlobalSection(SolutionConfigurationPlatforms) = preSolution
		Debug|Any CPU = Debug|Any CPU
		Release|Any CPU = Release|Any CPU
	EndGlobalSection
	GlobalSection(ProjectConfigurationPlatforms) = postSolution
		{4177DF8B-4885-493E-88CE-068734B6988F}.Debug|Any CPU.ActiveCfg = Debug|Any CPU
		{4177DF8B-4885-493E-88CE-068734B6988F}.Debug|Any CPU.Build.0 = Debug|Any CPU
		{4177DF8B-4885-493E-88CE-068734B6988F}.Release|Any CPU.ActiveCfg = Release|Any CPU
		{4177DF8B-4885-493E-88CE-068734B6988F}.Release|Any CPU.Build.0 = Release|Any CPU
		{53A010BF-9741-4269-9276-AD224B95C0EF}.Debug|Any CPU.ActiveCfg = Debug|Any CPU
		{53A010BF-9741-4269-9276-AD224B95C0EF}.Debug|Any CPU.Build.0 = Debug|Any CPU
		{53A010BF-9741-4269-9276-AD224B95C0EF}.Release|Any CPU.ActiveCfg = Release|Any CPU
		{53A010BF-9741-4269-9276-AD224B95C0EF}.Release|Any CPU.Build.0 = Release|Any CPU
		{F925822D-761B-4201-8BF8-80F88A230872}.Debug|Any CPU.ActiveCfg = Debug|Any CPU
		{F925822D-761B-4201-8BF8-80F88A230872}.Debug|Any CPU.Build.0 = Debug|Any CPU
		{F925822D-761B-4201-8BF8-80F88A230872}.Release|Any CPU.ActiveCfg = Release|Any CPU
		{F925822D-761B-4201-8BF8-80F88A230872}.Release|Any CPU.Build.0 = Release|Any CPU
		{4171B074-ED5E-4F15-B1A6-2A004C71F303}.Debug|Any CPU.ActiveCfg = Debug|Any CPU
		{4171B074-ED5E-4F15-B1A6-2A004C71F303}.Debug|Any CPU.Build.0 = Debug|Any CPU
		{4171B074-ED5E-4F15-B1A6-2A004C71F303}.Release|Any CPU.ActiveCfg = Release|Any CPU
		{4171B074-ED5E-4F15-B1A6-2A004C71F303}.Release|Any CPU.Build.0 = Release|Any CPU
		{FD6194C1-0230-459C-A50D-27CADC072875}.Debug|Any CPU.ActiveCfg = Debug|Any CPU
		{FD6194C1-0230-459C-A50D-27CADC072875}.Debug|Any CPU.Build.0 = Debug|Any CPU
		{FD6194C1-0230-459C-A50D-27CADC072875}.Release|Any CPU.ActiveCfg = Release|Any CPU
		{FD6194C1-0230-459C-A50D-27CADC072875}.Release|Any CPU.Build.0 = Release|Any CPU
		{A70B1ABB-A5D1-4F0B-9D99-9E3060071230}.Debug|Any CPU.ActiveCfg = Debug|Any CPU
		{A70B1ABB-A5D1-4F0B-9D99-9E3060071230}.Debug|Any CPU.Build.0 = Debug|Any CPU
		{A70B1ABB-A5D1-4F0B-9D99-9E3060071230}.Release|Any CPU.ActiveCfg = Release|Any CPU
		{A70B1ABB-A5D1-4F0B-9D99-9E3060071230}.Release|Any CPU.Build.0 = Release|Any CPU
		{6F6D537E-9841-492E-A0F0-8649196B3A20}.Debug|Any CPU.ActiveCfg = Debug|Any CPU
		{6F6D537E-9841-492E-A0F0-8649196B3A20}.Debug|Any CPU.Build.0 = Debug|Any CPU
		{6F6D537E-9841-492E-A0F0-8649196B3A20}.Release|Any CPU.ActiveCfg = Release|Any CPU
		{6F6D537E-9841-492E-A0F0-8649196B3A20}.Release|Any CPU.Build.0 = Release|Any CPU
		{BE29FEAC-313A-42B3-849B-16BC108FCC70}.Debug|Any CPU.ActiveCfg = Debug|Any CPU
		{BE29FEAC-313A-42B3-849B-16BC108FCC70}.Debug|Any CPU.Build.0 = Debug|Any CPU
		{BE29FEAC-313A-42B3-849B-16BC108FCC70}.Release|Any CPU.ActiveCfg = Release|Any CPU
		{BE29FEAC-313A-42B3-849B-16BC108FCC70}.Release|Any CPU.Build.0 = Release|Any CPU
		{C6EB8220-9994-4AA1-B4CC-D7DBC4C5D6AF}.Debug|Any CPU.ActiveCfg = Debug|Any CPU
		{C6EB8220-9994-4AA1-B4CC-D7DBC4C5D6AF}.Debug|Any CPU.Build.0 = Debug|Any CPU
		{C6EB8220-9994-4AA1-B4CC-D7DBC4C5D6AF}.Release|Any CPU.ActiveCfg = Release|Any CPU
		{C6EB8220-9994-4AA1-B4CC-D7DBC4C5D6AF}.Release|Any CPU.Build.0 = Release|Any CPU
		{6E1498E5-A703-4A33-A0A5-1D06C32EDD3C}.Debug|Any CPU.ActiveCfg = Debug|Any CPU
		{6E1498E5-A703-4A33-A0A5-1D06C32EDD3C}.Debug|Any CPU.Build.0 = Debug|Any CPU
		{6E1498E5-A703-4A33-A0A5-1D06C32EDD3C}.Release|Any CPU.ActiveCfg = Release|Any CPU
		{6E1498E5-A703-4A33-A0A5-1D06C32EDD3C}.Release|Any CPU.Build.0 = Release|Any CPU
		{06AD1E48-EE85-44F2-9629-C1CB5938DDA8}.Debug|Any CPU.ActiveCfg = Debug|Any CPU
		{06AD1E48-EE85-44F2-9629-C1CB5938DDA8}.Debug|Any CPU.Build.0 = Debug|Any CPU
		{06AD1E48-EE85-44F2-9629-C1CB5938DDA8}.Release|Any CPU.ActiveCfg = Release|Any CPU
		{06AD1E48-EE85-44F2-9629-C1CB5938DDA8}.Release|Any CPU.Build.0 = Release|Any CPU
		{E73E7D58-5741-41EF-84A7-48D937BD2F0F}.Debug|Any CPU.ActiveCfg = Debug|Any CPU
		{E73E7D58-5741-41EF-84A7-48D937BD2F0F}.Debug|Any CPU.Build.0 = Debug|Any CPU
		{E73E7D58-5741-41EF-84A7-48D937BD2F0F}.Release|Any CPU.ActiveCfg = Release|Any CPU
		{E73E7D58-5741-41EF-84A7-48D937BD2F0F}.Release|Any CPU.Build.0 = Release|Any CPU
		{0B685F9A-A943-4CDB-905B-7CE5FAC68E25}.Debug|Any CPU.ActiveCfg = Debug|Any CPU
		{0B685F9A-A943-4CDB-905B-7CE5FAC68E25}.Debug|Any CPU.Build.0 = Debug|Any CPU
		{0B685F9A-A943-4CDB-905B-7CE5FAC68E25}.Release|Any CPU.ActiveCfg = Release|Any CPU
		{0B685F9A-A943-4CDB-905B-7CE5FAC68E25}.Release|Any CPU.Build.0 = Release|Any CPU
		{EAC778B1-1221-4A69-B690-3B339A133F36}.Debug|Any CPU.ActiveCfg = Debug|Any CPU
		{EAC778B1-1221-4A69-B690-3B339A133F36}.Debug|Any CPU.Build.0 = Debug|Any CPU
		{EAC778B1-1221-4A69-B690-3B339A133F36}.Release|Any CPU.ActiveCfg = Release|Any CPU
		{EAC778B1-1221-4A69-B690-3B339A133F36}.Release|Any CPU.Build.0 = Release|Any CPU
		{1ED86E1D-0228-404C-930F-061E93E8F241}.Debug|Any CPU.ActiveCfg = Debug|Any CPU
		{1ED86E1D-0228-404C-930F-061E93E8F241}.Debug|Any CPU.Build.0 = Debug|Any CPU
		{1ED86E1D-0228-404C-930F-061E93E8F241}.Release|Any CPU.ActiveCfg = Release|Any CPU
		{1ED86E1D-0228-404C-930F-061E93E8F241}.Release|Any CPU.Build.0 = Release|Any CPU
		{69DCBF86-555E-427D-8BA0-129F247B975E}.Debug|Any CPU.ActiveCfg = Debug|Any CPU
		{69DCBF86-555E-427D-8BA0-129F247B975E}.Debug|Any CPU.Build.0 = Debug|Any CPU
		{69DCBF86-555E-427D-8BA0-129F247B975E}.Release|Any CPU.ActiveCfg = Release|Any CPU
		{69DCBF86-555E-427D-8BA0-129F247B975E}.Release|Any CPU.Build.0 = Release|Any CPU
		{985F18F0-9DCA-4F54-95BE-9728D650D103}.Debug|Any CPU.ActiveCfg = Debug|Any CPU
		{985F18F0-9DCA-4F54-95BE-9728D650D103}.Debug|Any CPU.Build.0 = Debug|Any CPU
		{985F18F0-9DCA-4F54-95BE-9728D650D103}.Release|Any CPU.ActiveCfg = Release|Any CPU
		{985F18F0-9DCA-4F54-95BE-9728D650D103}.Release|Any CPU.Build.0 = Release|Any CPU
	EndGlobalSection
	GlobalSection(SolutionProperties) = preSolution
		HideSolutionNode = FALSE
	EndGlobalSection
EndGlobal
